// !$*UTF8*$!
{
	archiveVersion = 1;
	classes = {};
	objectVersion = 56;
	objects = {

/* Begin PBXBuildFile section */
		A10000000000000000000001 /* AppDelegate.swift in Sources */ = {isa = PBXBuildFile; fileRef = A10000000000000000000011 /* AppDelegate.swift */; };
		A10000000000000000000002 /* TigerClawInputController.swift in Sources */ = {isa = PBXBuildFile; fileRef = A10000000000000000000012 /* TigerClawInputController.swift */; };
		A10000000000000000000003 /* InputMethodKit.framework in Frameworks */ = {isa = PBXBuildFile; fileRef = A10000000000000000000013 /* InputMethodKit.framework */; };
		A10000000000000000000004 /* TigerClaw.pdf in Resources */ = {isa = PBXBuildFile; fileRef = A10000000000000000000015 /* TigerClaw.pdf */; };
		A10000000000000000000005 /* InfoPlist.strings in Resources */ = {isa = PBXBuildFile; fileRef = A10000000000000000000016 /* InfoPlist.strings */; };
		A10000000000000000000006 /* TigerClaw.icns in Resources */ = {isa = PBXBuildFile; fileRef = A10000000000000000000019 /* TigerClaw.icns */; };
		A10000000000000000000007 /* InputSourceInstaller.swift in Sources */ = {isa = PBXBuildFile; fileRef = A10000000000000000000023 /* InputSourceInstaller.swift */; };
		A10000000000000000000008 /* LifecycleTrace.swift in Sources */ = {isa = PBXBuildFile; fileRef = A10000000000000000000024 /* LifecycleTrace.swift */; };
		B10000000000000000000001 /* NativeAotBridge.swift in Sources */ = {isa = PBXBuildFile; fileRef = B10000000000000000000011 /* NativeAotBridge.swift */; };
		B10000000000000000000002 /* DummyEngine.dylib in Resources */ = {isa = PBXBuildFile; fileRef = B10000000000000000000012 /* DummyEngine.dylib */; };
/* End PBXBuildFile section */

/* Begin PBXFileReference section */
		A10000000000000000000010 /* TigerClaw.app */ = {isa = PBXFileReference; explicitFileType = wrapper.application; includeInIndex = 0; path = TigerClaw.app; sourceTree = BUILT_PRODUCTS_DIR; };
		A10000000000000000000011 /* AppDelegate.swift */ = {isa = PBXFileReference; lastKnownFileType = sourcecode.swift; path = Sources/AppDelegate.swift; sourceTree = "<group>"; };
		A10000000000000000000012 /* TigerClawInputController.swift */ = {isa = PBXFileReference; lastKnownFileType = sourcecode.swift; path = Sources/TigerClawInputController.swift; sourceTree = "<group>"; };
		A10000000000000000000013 /* InputMethodKit.framework */ = {isa = PBXFileReference; lastKnownFileType = wrapper.framework; name = InputMethodKit.framework; path = System/Library/Frameworks/InputMethodKit.framework; sourceTree = SDKROOT; };
		A10000000000000000000014 /* Info.plist */ = {isa = PBXFileReference; lastKnownFileType = text.plist.xml; path = Info.plist; sourceTree = "<group>"; };
		A10000000000000000000015 /* TigerClaw.pdf */ = {isa = PBXFileReference; lastKnownFileType = image.pdf; path = Resources/TigerClaw.pdf; sourceTree = "<group>"; };
		A10000000000000000000017 /* en */ = {isa = PBXFileReference; lastKnownFileType = text.plist.strings; name = en; path = en.lproj/InfoPlist.strings; sourceTree = "<group>"; };
		A10000000000000000000018 /* zh-Hans */ = {isa = PBXFileReference; lastKnownFileType = text.plist.strings; name = "zh-Hans"; path = "zh-Hans.lproj/InfoPlist.strings"; sourceTree = "<group>"; };
		A10000000000000000000019 /* TigerClaw.icns */ = {isa = PBXFileReference; lastKnownFileType = image.icns; path = Resources/TigerClaw.icns; sourceTree = "<group>"; };
		A10000000000000000000023 /* InputSourceInstaller.swift */ = {isa = PBXFileReference; lastKnownFileType = sourcecode.swift; path = Sources/InputSourceInstaller.swift; sourceTree = "<group>"; };
		A10000000000000000000024 /* LifecycleTrace.swift */ = {isa = PBXFileReference; lastKnownFileType = sourcecode.swift; path = Sources/LifecycleTrace.swift; sourceTree = "<group>"; };
		B10000000000000000000011 /* NativeAotBridge.swift */ = {isa = PBXFileReference; lastKnownFileType = sourcecode.swift; path = Sources/NativeAotBridge.swift; sourceTree = "<group>"; };
		B10000000000000000000012 /* DummyEngine.dylib */ = {isa = PBXFileReference; lastKnownFileType = compiled.mach-o.dylib; path = Resources/DummyEngine.dylib; sourceTree = "<group>"; };
/* End PBXFileReference section */

/* Begin PBXFrameworksBuildPhase section */
		A10000000000000000000020 /* Frameworks */ = {
			isa = PBXFrameworksBuildPhase;
			buildActionMask = 2147483647;
			files = (
				A10000000000000000000003 /* InputMethodKit.framework in Frameworks */,
			);
			runOnlyForDeploymentPostprocessing = 0;
		};
/* End PBXFrameworksBuildPhase section */

/* Begin PBXGroup section */
		A10000000000000000000030 = {
			isa = PBXGroup;
			children = (
				A10000000000000000000031 /* TigerClaw */,
				A10000000000000000000032 /* Frameworks */,
				A10000000000000000000033 /* Products */,
			);
			sourceTree = "<group>";
		};
		A10000000000000000000031 /* TigerClaw */ = {
			isa = PBXGroup;
			children = (
				A10000000000000000000011 /* AppDelegate.swift */,
				A10000000000000000000012 /* TigerClawInputController.swift */,
				A10000000000000000000023 /* InputSourceInstaller.swift */,
				A10000000000000000000024 /* LifecycleTrace.swift */,
				B10000000000000000000011 /* NativeAotBridge.swift */,
				B10000000000000000000012 /* DummyEngine.dylib */,
				A10000000000000000000014 /* Info.plist */,
				A10000000000000000000015 /* TigerClaw.pdf */,
				A10000000000000000000019 /* TigerClaw.icns */,
				A10000000000000000000016 /* InfoPlist.strings */,
			);
			path = TigerClaw;
			sourceTree = "<group>";
		};
		A10000000000000000000032 /* Frameworks */ = {
			isa = PBXGroup;
			children = (
				A10000000000000000000013 /* InputMethodKit.framework */,
			);
			name = Frameworks;
			sourceTree = "<group>";
		};
		A10000000000000000000033 /* Products */ = {
			isa = PBXGroup;
			children = (
				A10000000000000000000010 /* TigerClaw.app */,
			);
			name = Products;
			sourceTree = "<group>";
		};
/* End PBXGroup section */

/* Begin PBXVariantGroup section */
		A10000000000000000000016 /* InfoPlist.strings */ = {
			isa = PBXVariantGroup;
			children = (
				A10000000000000000000017 /* en */,
				A10000000000000000000018 /* zh-Hans */,
			);
			name = InfoPlist.strings;
			sourceTree = "<group>";
		};
/* End PBXVariantGroup section */

/* Begin PBXNativeTarget section */
		A10000000000000000000040 /* TigerClaw */ = {
			isa = PBXNativeTarget;
			buildConfigurationList = A10000000000000000000050 /* Build configuration list for PBXNativeTarget "TigerClaw" */;
			buildPhases = (
				A10000000000000000000021 /* Sources */,
				A10000000000000000000022 /* Resources */,
				A10000000000000000000020 /* Frameworks */,
			);
			buildRules = ();
			dependencies = ();
			name = TigerClaw;
			productName = TigerClaw;
			productReference = A10000000000000000000010 /* TigerClaw.app */;
			productType = "com.apple.product-type.application";
		};
/* End PBXNativeTarget section */

/* Begin PBXProject section */
		A10000000000000000000060 /* Project object */ = {
			isa = PBXProject;
			attributes = {
				BuildIndependentTargetsInParallel = 1;
				LastSwiftUpdateCheck = 2600;
				LastUpgradeCheck = 2600;
			};
			buildConfigurationList = A10000000000000000000061 /* Build configuration list for PBXProject "TigerClaw" */;
			compatibilityVersion = "Xcode 14.0";
			developmentRegion = en;
			hasScannedForEncodings = 0;
			knownRegions = (en, Base);
			mainGroup = A10000000000000000000030;
			productRefGroup = A10000000000000000000033 /* Products */;
			projectDirPath = "";
			projectRoot = "";
			targets = (A10000000000000000000040 /* TigerClaw */,);
		};
/* End PBXProject section */

/* Begin PBXSourcesBuildPhase section */
		A10000000000000000000021 /* Sources */ = {
			isa = PBXSourcesBuildPhase;
			buildActionMask = 2147483647;
			files = (
				A10000000000000000000001 /* AppDelegate.swift in Sources */,
				A10000000000000000000002 /* TigerClawInputController.swift in Sources */,
				A10000000000000000000007 /* InputSourceInstaller.swift in Sources */,
				A10000000000000000000008 /* LifecycleTrace.swift in Sources */,
				B10000000000000000000001 /* NativeAotBridge.swift in Sources */,
			);
			runOnlyForDeploymentPostprocessing = 0;
		};
/* End PBXSourcesBuildPhase section */

/* Begin PBXResourcesBuildPhase section */
		A10000000000000000000022 /* Resources */ = {
			isa = PBXResourcesBuildPhase;
			buildActionMask = 2147483647;
			files = (
				A10000000000000000000004 /* TigerClaw.pdf in Resources */,
				A10000000000000000000005 /* InfoPlist.strings in Resources */,
				A10000000000000000000006 /* TigerClaw.icns in Resources */,
				B10000000000000000000002 /* DummyEngine.dylib in Resources */,
			);
			runOnlyForDeploymentPostprocessing = 0;
		};
/* End PBXResourcesBuildPhase section */

/* Begin XCBuildConfiguration section */
		A10000000000000000000070 /* Debug */ = {
			isa = XCBuildConfiguration;
			buildSettings = {
				CLANG_ENABLE_MODULES = YES;
				MACOSX_DEPLOYMENT_TARGET = 13.0;
				SDKROOT = macosx;
			};
			name = Debug;
		};
		A10000000000000000000071 /* Release */ = {
			isa = XCBuildConfiguration;
			buildSettings = {
				CLANG_ENABLE_MODULES = YES;
				MACOSX_DEPLOYMENT_TARGET = 13.0;
				SDKROOT = macosx;
			};
			name = Release;
		};
		A10000000000000000000072 /* Debug */ = {
			isa = XCBuildConfiguration;
			buildSettings = {
				CODE_SIGNING_ALLOWED = NO;
				CODE_SIGN_STYLE = Manual;
				CURRENT_PROJECT_VERSION = 3;
				DEVELOPMENT_TEAM = "";
				CODE_SIGN_ENTITLEMENTS = TigerClaw/TigerClaw.entitlements;
				GENERATE_INFOPLIST_FILE = NO;
				INFOPLIST_FILE = TigerClaw/Info.plist;
				LD_RUNPATH_SEARCH_PATHS = "$(inherited) @executable_path/../Frameworks";
				MACOSX_DEPLOYMENT_TARGET = 13.0;
				MARKETING_VERSION = 0.1.0;
				OTHER_LDFLAGS = "$(inherited) $(PROJECT_DIR)/TigerClaw/Resources/DummyEngine.dylib";
				LD_RUNPATH_SEARCH_PATHS = "$(inherited) @executable_path/../Frameworks @executable_path/../Resources";
				PRODUCT_BUNDLE_IDENTIFIER = net.tigerclaw.inputmethod.HybridSpike;
				PRODUCT_NAME = TigerClawHybridSpike;
				SWIFT_EMIT_LOC_STRINGS = YES;
				SWIFT_VERSION = 6.0;
			};
			name = Debug;
		};
		A10000000000000000000073 /* Release */ = {
			isa = XCBuildConfiguration;
			buildSettings = {
				CODE_SIGNING_ALLOWED = NO;
				CODE_SIGN_STYLE = Manual;
				CURRENT_PROJECT_VERSION = 3;
				DEVELOPMENT_TEAM = "";
				CODE_SIGN_ENTITLEMENTS = TigerClaw/TigerClaw.entitlements;
				GENERATE_INFOPLIST_FILE = NO;
				INFOPLIST_FILE = TigerClaw/Info.plist;
				LD_RUNPATH_SEARCH_PATHS = "$(inherited) @executable_path/../Frameworks";
				MACOSX_DEPLOYMENT_TARGET = 13.0;
				MARKETING_VERSION = 0.1.0;
				OTHER_LDFLAGS = "$(inherited) $(PROJECT_DIR)/TigerClaw/Resources/DummyEngine.dylib";
				LD_RUNPATH_SEARCH_PATHS = "$(inherited) @executable_path/../Frameworks @executable_path/../Resources";
				PRODUCT_BUNDLE_IDENTIFIER = net.tigerclaw.inputmethod.HybridSpike;
				PRODUCT_NAME = TigerClawHybridSpike;
				SWIFT_EMIT_LOC_STRINGS = YES;
				SWIFT_VERSION = 6.0;
			};
			name = Release;
		};
/* End XCBuildConfiguration section */

/* Begin XCConfigurationList section */
		A10000000000000000000050 /* Build configuration list for PBXNativeTarget "TigerClaw" */ = {
			isa = XCConfigurationList;
			buildConfigurations = (A10000000000000000000072 /* Debug */, A10000000000000000000073 /* Release */);
			defaultConfigurationIsVisible = 0;
			defaultConfigurationName = Debug;
		};
		A10000000000000000000061 /* Build configuration list for PBXProject "TigerClaw" */ = {
			isa = XCConfigurationList;
			buildConfigurations = (A10000000000000000000070 /* Debug */, A10000000000000000000071 /* Release */);
			defaultConfigurationIsVisible = 0;
			defaultConfigurationName = Debug;
		};
/* End XCConfigurationList section */
	};
	rootObject = A10000000000000000000060 /* Project object */;
}
